
Microsoft Visual Studio Solution File, Format Version 12.00
# Visual Studio Version 17
VisualStudioVersion = 17.9.34701.34
MinimumVisualStudioVersion = 10.0.40219.1
Project("{FAE04EC0-301F-11D3-BF4B-00C04F79EFBC}") = "HotelReservationSystem", "HotelReservationSystem.csproj", "{04BB5939-D2DA-478E-801B-567FF19C239B}"
EndProject
Global
	GlobalSection(SolutionConfigurationPlatforms) = preSolution
		Debug|Any CPU = Debug|Any CPU
		Release|Any CPU = Release|Any CPU
	EndGlobalSection
	GlobalSection(ProjectConfigurationPlatforms) = postSolution
		{04BB5939-D2DA-478E-801B-567FF19C239B}.Debug|Any CPU.ActiveCfg = Debug|Any CPU
		{04BB5939-D2DA-478E-801B-567FF19C239B}.Debug|Any CPU.Build.0 = Debug|Any CPU
		{04BB5939-D2DA-478E-801B-567FF19C239B}.Release|Any CPU.ActiveCfg = Release|Any CPU
		{04BB5939-D2DA-478E-801B-567FF19C239B}.Release|Any CPU.Build.0 = Release|Any CPU
	EndGlobalSection
	GlobalSection(SolutionProperties) = preSolution
		HideSolutionNode = FALSE
	EndGlobalSection
	GlobalSection(ExtensibilityGlobals) = postSolution
		SolutionGuid = {E5182569-A784-4503-93F0-50F8C46E8C80}
	EndGlobalSection
EndGlobal
